
Microsoft Visual Studio Solution File, Format Version 12.00
# Visual Studio Version 17
VisualStudioVersion = 17.1.32228.430
MinimumVisualStudioVersion = 10.0.40219.1
Project("{F184B08F-C81C-45F6-A57F-5ABD9991F28F}") = "PictureViewer", "PictureViewer.vbproj", "{C1E6EABE-4747-4DA2-A900-35AC4D611B8C}"
EndProject
Global
	GlobalSection(SolutionConfigurationPlatforms) = preSolution
		Debug|Any CPU = Debug|Any CPU
		Release|Any CPU = Release|Any CPU
	EndGlobalSection
	GlobalSection(ProjectConfigurationPlatforms) = postSolution
		{C1E6EABE-4747-4DA2-A900-35AC4D611B8C}.Debug|Any CPU.ActiveCfg = Debug|Any CPU
		{C1E6EABE-4747-4DA2-A900-35AC4D611B8C}.Debug|Any CPU.Build.0 = Debug|Any CPU
		{C1E6EABE-4747-4DA2-A900-35AC4D611B8C}.Release|Any CPU.ActiveCfg = Release|Any CPU
		{C1E6EABE-4747-4DA2-A900-35AC4D611B8C}.Release|Any CPU.Build.0 = Release|Any CPU
	EndGlobalSection
	GlobalSection(SolutionProperties) = preSolution
		HideSolutionNode = FALSE
	EndGlobalSection
	GlobalSection(ExtensibilityGlobals) = postSolution
		SolutionGuid = {572FD957-2659-4A0C-ACC6-25E72B6429BB}
	EndGlobalSection
EndGlobal
